
Microsoft Visual Studio Solution File, Format Version 12.00
# Visual Studio Version 16
VisualStudioVersion = 16.0.29102.190
MinimumVisualStudioVersion = 10.0.40219.1
Project("{9A19103F-16F7-4668-BE54-9A1E7A4F7556}") = "Space-Game", "Space-Game.csproj", "{F98D5043-159C-4737-BDF3-46D521910F5B}"
EndProject
Global
	GlobalSection(SolutionConfigurationPlatforms) = preSolution
		Debug|Any CPU = Debug|Any CPU
		Release|Any CPU = Release|Any CPU
	EndGlobalSection
	GlobalSection(ProjectConfigurationPlatforms) = postSolution
		{F98D5043-159C-4737-BDF3-46D521910F5B}.Debug|Any CPU.ActiveCfg = Debug|Any CPU
		{F98D5043-159C-4737-BDF3-46D521910F5B}.Debug|Any CPU.Build.0 = Debug|Any CPU
		{F98D5043-159C-4737-BDF3-46D521910F5B}.Release|Any CPU.ActiveCfg = Release|Any CPU
		{F98D5043-159C-4737-BDF3-46D521910F5B}.Release|Any CPU.Build.0 = Release|Any CPU
	EndGlobalSection
	GlobalSection(SolutionProperties) = preSolution
		HideSolutionNode = FALSE
	EndGlobalSection
	GlobalSection(ExtensibilityGlobals) = postSolution
		SolutionGuid = {C079E0DB-7CB5-44FF-8360-557AA94A3DE2}
	EndGlobalSection
EndGlobal
